
Microsoft Visual Studio Solution File, Format Version 12.00
# Visual Studio Version 16
VisualStudioVersion = 16.0.30907.101
MinimumVisualStudioVersion = 10.0.40219.1
Project("{FAE04EC0-301F-11D3-BF4B-00C04F79EFBC}") = "HomeWork", "HomeWork\HomeWork.csproj", "{8B0159EA-CDB3-4352-BC92-91BAB57E38A7}"
EndProject
Global
	GlobalSection(SolutionConfigurationPlatforms) = preSolution
		Debug|Any CPU = Debug|Any CPU
		Release|Any CPU = Release|Any CPU
	EndGlobalSection
	GlobalSection(ProjectConfigurationPlatforms) = postSolution
		{8B0159EA-CDB3-4352-BC92-91BAB57E38A7}.Debug|Any CPU.ActiveCfg = Debug|Any CPU
		{8B0159EA-CDB3-4352-BC92-91BAB57E38A7}.Debug|Any CPU.Build.0 = Debug|Any CPU
		{8B0159EA-CDB3-4352-BC92-91BAB57E38A7}.Release|Any CPU.ActiveCfg = Release|Any CPU
		{8B0159EA-CDB3-4352-BC92-91BAB57E38A7}.Release|Any CPU.Build.0 = Release|Any CPU
	EndGlobalSection
	GlobalSection(SolutionProperties) = preSolution
		HideSolutionNode = FALSE
	EndGlobalSection
	GlobalSection(ExtensibilityGlobals) = postSolution
		SolutionGuid = {E7C0E005-E129-43DA-AA02-17FA1A524628}
	EndGlobalSection
EndGlobal
